github.com/Antonboom/errname v1.1.2 h1:dxwONZJua3VB8Xh/VaCjqAcqF645sWWv7xj26zy7tdQ=
github.com/Antonboom/errname v1.1.2/go.mod h1:YeZIpgLMxT+SNkruGgYkLhzq/9vs3fsolTZegKaKDZI=
github.com/google/go-cmp v0.7.0 h1:wk8382ETsv4JYUZwIsn6YpYiWiBsYLSJiTsyBybVuN8=
github.com/google/go-cmp v0.7.0/go.mod h1:pXiqmnSA92OHEEa9HXL2W4E7lf9JzCmGVUdgjX3N/iU=
github.com/kisielk/errcheck v1.9.0 h1:9xt1zI9EBfcYBvdU1nVrzMzzUPUtPKs9bVSIM3TAb3M=
github.com/kisielk/errcheck v1.9.0/go.mod h1:kQxWMMVZgIkDq7U8xtG/n2juOjbLgZtedi0D+/VL/i8=
golang.org/x/mod v0.38.0 h1:MECBjubtXD7yj4HrhIUcywNaGeNVUdfVnxmPajOk4yk=
golang.org/x/mod v0.38.0/go.mod h1:V6Xz0pq8TQ3dGqVQ1FVHuelZpAL0uNhSkk9ogYP3c40=
golang.org/x/sync v0.22.0 h1:SZjpbeLmrCk4xhRSZFNZW5gFUeCeFgjekvI/+gfScek=
golang.org/x/sync v0.22.0/go.mod h1:9xrNwdLfx4jkKbNva9FpL6vEN7evnE43NNNJQ2LF3+0=
golang.org/x/sys v0.47.0 h1:o7XGOvZQCADBQQ4Y7VNq2dRWQR7JmOUW8Kxx4ZsNgWs=
golang.org/x/sys v0.47.0/go.mod h1:4GL1E5IUh+htKOUEOaiffhrAeqysfVGipDYzABqnCmw=
golang.org/x/telemetry v0.0.0-20260708182218-49f421fb7959 h1:RJhm5l6Fo4rmEIcndxDllNhhf/fAx8qIm4t6A7vpm2A=
golang.org/x/telemetry v0.0.0-20260708182218-49f421fb7959/go.mod h1:LV7u5Oco+Z/g6XI7PqN+EUUUGGkEcmB1uj2ceI0fOVg=
golang.org/x/tools v0.48.0 h1:3+hClM1aLL5mjMKm5ovokw9epgRXPuu2tILgismM6RE=
golang.org/x/tools v0.48.0/go.mod h1:08xX0orndb/F7jJxGDicx061tyd5pcMto75YMAXr6lk=
lesiw.io/checker v0.16.0 h1:VRJiefXtelWTJTBdHQkUZRHFoGjqmHcjXOXa6QBFdnU=
lesiw.io/checker v0.16.0/go.mod h1:n4llfWBLFQ0JmoymAVFqsxS6LcHqdFXLtepqfP4rqVc=
lesiw.io/clerk v0.2.1-0.20260726115654-97532659cfda h1:AlGDaZf1c1wOpgqTPIttQkl0dGTJLAj8Ojd5y+/0unM=
lesiw.io/clerk v0.2.1-0.20260726115654-97532659cfda/go.mod h1:fbDRF6mt0lfmNdL6k08EM+ejXn76GnTq8K4vQXrlfNs=
lesiw.io/errcheck v1.0.0 h1:jVwNVL8YfjXY3xCJ7byHn+s8MwlvxqsuDjV4406Euo8=
lesiw.io/errcheck v1.0.0/go.mod h1:iKZxbcdSpC2cYZ+Pyp/7fEbsvgEHdEqECi0Yb/GkA2g=
lesiw.io/linelen v0.4.0 h1:HWLgU/X1eTmsNis7If3qrHEXWW4jV8h3v5mNeQkDpxM=
lesiw.io/linelen v0.4.0/go.mod h1:Oyp09GYRlPE4kimw2daGyhPhGpL32/U8TNaIu7ucwTY=
lesiw.io/plscheck v0.20.0 h1:vhTXPTr8n1HsTvEWOky0ya1ZI0bfNNGNInxUeEtozmc=
lesiw.io/plscheck v0.20.0/go.mod h1:ETr4dgHsxf0ZUmsdZtnklIiF39TjNdBThJLa5ClxZQg=
lesiw.io/tidytypes v0.2.0 h1:U/MI+Cwm5ShPEBEnKuVHtyU7o46gW4zPUojBUhd+/YM=
lesiw.io/tidytypes v0.2.0/go.mod h1:RiOthB+QiQSCAwPA7SyTO86XN/crZekhwDCfAUivIcA=
